
Microsoft Visual Studio Solution File, Format Version 12.00
# Visual Studio Version 17
VisualStudioVersion = 17.1.32228.430
MinimumVisualStudioVersion = 10.0.40219.1
Project("{FAE04EC0-301F-11D3-BF4B-00C04F79EFBC}") = "TDD", "TDD\TDD.csproj", "{F397587B-E083-471A-9F32-20ED80A4775E}"
EndProject
Project("{FAE04EC0-301F-11D3-BF4B-00C04F79EFBC}") = "TestProject1", "TestProject1\TestProject1.csproj", "{001C9E57-B03F-4E4A-A2E5-B2752A571762}"
EndProject
Global
	GlobalSection(SolutionConfigurationPlatforms) = preSolution
		Debug|Any CPU = Debug|Any CPU
		Release|Any CPU = Release|Any CPU
	EndGlobalSection
	GlobalSection(ProjectConfigurationPlatforms) = postSolution
		{F397587B-E083-471A-9F32-20ED80A4775E}.Debug|Any CPU.ActiveCfg = Debug|Any CPU
		{F397587B-E083-471A-9F32-20ED80A4775E}.Debug|Any CPU.Build.0 = Debug|Any CPU
		{F397587B-E083-471A-9F32-20ED80A4775E}.Release|Any CPU.ActiveCfg = Release|Any CPU
		{F397587B-E083-471A-9F32-20ED80A4775E}.Release|Any CPU.Build.0 = Release|Any CPU
		{001C9E57-B03F-4E4A-A2E5-B2752A571762}.Debug|Any CPU.ActiveCfg = Debug|Any CPU
		{001C9E57-B03F-4E4A-A2E5-B2752A571762}.Debug|Any CPU.Build.0 = Debug|Any CPU
		{001C9E57-B03F-4E4A-A2E5-B2752A571762}.Release|Any CPU.ActiveCfg = Release|Any CPU
		{001C9E57-B03F-4E4A-A2E5-B2752A571762}.Release|Any CPU.Build.0 = Release|Any CPU
	EndGlobalSection
	GlobalSection(SolutionProperties) = preSolution
		HideSolutionNode = FALSE
	EndGlobalSection
	GlobalSection(ExtensibilityGlobals) = postSolution
		SolutionGuid = {DCA30AD6-2E8C-4E88-B718-F87B07A61821}
	EndGlobalSection
EndGlobal
